
Microsoft Visual Studio Solution File, Format Version 12.00
# Visual Studio 15
VisualStudioVersion = 15.0.28307.329
MinimumVisualStudioVersion = 10.0.40219.1
Project("{FAE04EC0-301F-11D3-BF4B-00C04F79EFBC}") = "WebApiForAuthantication", "WebApiForAuthantication\WebApiForAuthantication.csproj", "{EDC0D2BE-AA2D-4C12-BAD0-208EFDC6D903}"
EndProject
Project("{FAE04EC0-301F-11D3-BF4B-00C04F79EFBC}") = "WebApiForAuthantication.Tests", "WebApiForAuthantication.Tests\WebApiForAuthantication.Tests.csproj", "{A2860361-A3D6-411A-A260-5541FAF67088}"
EndProject
Global
	GlobalSection(SolutionConfigurationPlatforms) = preSolution
		Debug|Any CPU = Debug|Any CPU
		Release|Any CPU = Release|Any CPU
	EndGlobalSection
	GlobalSection(ProjectConfigurationPlatforms) = postSolution
		{EDC0D2BE-AA2D-4C12-BAD0-208EFDC6D903}.Debug|Any CPU.ActiveCfg = Debug|Any CPU
		{EDC0D2BE-AA2D-4C12-BAD0-208EFDC6D903}.Debug|Any CPU.Build.0 = Debug|Any CPU
		{EDC0D2BE-AA2D-4C12-BAD0-208EFDC6D903}.Release|Any CPU.ActiveCfg = Release|Any CPU
		{EDC0D2BE-AA2D-4C12-BAD0-208EFDC6D903}.Release|Any CPU.Build.0 = Release|Any CPU
		{A2860361-A3D6-411A-A260-5541FAF67088}.Debug|Any CPU.ActiveCfg = Debug|Any CPU
		{A2860361-A3D6-411A-A260-5541FAF67088}.Debug|Any CPU.Build.0 = Debug|Any CPU
		{A2860361-A3D6-411A-A260-5541FAF67088}.Release|Any CPU.ActiveCfg = Release|Any CPU
		{A2860361-A3D6-411A-A260-5541FAF67088}.Release|Any CPU.Build.0 = Release|Any CPU
	EndGlobalSection
	GlobalSection(SolutionProperties) = preSolution
		HideSolutionNode = FALSE
	EndGlobalSection
	GlobalSection(ExtensibilityGlobals) = postSolution
		SolutionGuid = {20828894-085E-4AA5-B53D-6EE14AE4C47D}
	EndGlobalSection
EndGlobal
