
Microsoft Visual Studio Solution File, Format Version 12.00
# Visual Studio 15
VisualStudioVersion = 15.0.28307.329
MinimumVisualStudioVersion = 10.0.40219.1
Project("{FAE04EC0-301F-11D3-BF4B-00C04F79EFBC}") = "GettingApiDataAfterAuth", "GettingApiDataAfterAuth\GettingApiDataAfterAuth.csproj", "{768BBB21-2127-4B29-B62E-70070DDDB53B}"
EndProject
Project("{FAE04EC0-301F-11D3-BF4B-00C04F79EFBC}") = "GettingApiDataAfterAuth.Tests", "GettingApiDataAfterAuth.Tests\GettingApiDataAfterAuth.Tests.csproj", "{C57E1C67-43B0-4308-BA27-10909AB8B183}"
EndProject
Global
	GlobalSection(SolutionConfigurationPlatforms) = preSolution
		Debug|Any CPU = Debug|Any CPU
		Release|Any CPU = Release|Any CPU
	EndGlobalSection
	GlobalSection(ProjectConfigurationPlatforms) = postSolution
		{768BBB21-2127-4B29-B62E-70070DDDB53B}.Debug|Any CPU.ActiveCfg = Debug|Any CPU
		{768BBB21-2127-4B29-B62E-70070DDDB53B}.Debug|Any CPU.Build.0 = Debug|Any CPU
		{768BBB21-2127-4B29-B62E-70070DDDB53B}.Release|Any CPU.ActiveCfg = Release|Any CPU
		{768BBB21-2127-4B29-B62E-70070DDDB53B}.Release|Any CPU.Build.0 = Release|Any CPU
		{C57E1C67-43B0-4308-BA27-10909AB8B183}.Debug|Any CPU.ActiveCfg = Debug|Any CPU
		{C57E1C67-43B0-4308-BA27-10909AB8B183}.Debug|Any CPU.Build.0 = Debug|Any CPU
		{C57E1C67-43B0-4308-BA27-10909AB8B183}.Release|Any CPU.ActiveCfg = Release|Any CPU
		{C57E1C67-43B0-4308-BA27-10909AB8B183}.Release|Any CPU.Build.0 = Release|Any CPU
	EndGlobalSection
	GlobalSection(SolutionProperties) = preSolution
		HideSolutionNode = FALSE
	EndGlobalSection
	GlobalSection(ExtensibilityGlobals) = postSolution
		SolutionGuid = {177D6FB1-6C72-4261-9693-5066F2C1495C}
	EndGlobalSection
EndGlobal
